
Microsoft Visual Studio Solution File, Format Version 12.00
# Visual Studio Version 17
VisualStudioVersion = 17.2.32630.192
MinimumVisualStudioVersion = 10.0.40219.1
Project("{FAE04EC0-301F-11D3-BF4B-00C04F79EFBC}") = "EJERCICIO12ELKIN.Android", "EJERCICIO12ELKIN\EJERCICIO12ELKIN.Android\EJERCICIO12ELKIN.Android.csproj", "{C973D859-335E-48D0-AEB8-A5A1C6A41F93}"
EndProject
Project("{FAE04EC0-301F-11D3-BF4B-00C04F79EFBC}") = "EJERCICIO12ELKIN", "EJERCICIO12ELKIN\EJERCICIO12ELKIN\EJERCICIO12ELKIN.csproj", "{59BA1929-9AF3-4535-8468-BF11577BC808}"
EndProject
Global
	GlobalSection(SolutionConfigurationPlatforms) = preSolution
		Debug|Any CPU = Debug|Any CPU
		Release|Any CPU = Release|Any CPU
	EndGlobalSection
	GlobalSection(ProjectConfigurationPlatforms) = postSolution
		{C973D859-335E-48D0-AEB8-A5A1C6A41F93}.Debug|Any CPU.ActiveCfg = Debug|Any CPU
		{C973D859-335E-48D0-AEB8-A5A1C6A41F93}.Debug|Any CPU.Build.0 = Debug|Any CPU
		{C973D859-335E-48D0-AEB8-A5A1C6A41F93}.Debug|Any CPU.Deploy.0 = Debug|Any CPU
		{C973D859-335E-48D0-AEB8-A5A1C6A41F93}.Release|Any CPU.ActiveCfg = Release|Any CPU
		{C973D859-335E-48D0-AEB8-A5A1C6A41F93}.Release|Any CPU.Build.0 = Release|Any CPU
		{C973D859-335E-48D0-AEB8-A5A1C6A41F93}.Release|Any CPU.Deploy.0 = Release|Any CPU
		{59BA1929-9AF3-4535-8468-BF11577BC808}.Debug|Any CPU.ActiveCfg = Debug|Any CPU
		{59BA1929-9AF3-4535-8468-BF11577BC808}.Debug|Any CPU.Build.0 = Debug|Any CPU
		{59BA1929-9AF3-4535-8468-BF11577BC808}.Debug|Any CPU.Deploy.0 = Debug|Any CPU
		{59BA1929-9AF3-4535-8468-BF11577BC808}.Release|Any CPU.ActiveCfg = Release|Any CPU
		{59BA1929-9AF3-4535-8468-BF11577BC808}.Release|Any CPU.Build.0 = Release|Any CPU
		{59BA1929-9AF3-4535-8468-BF11577BC808}.Release|Any CPU.Deploy.0 = Release|Any CPU
	EndGlobalSection
	GlobalSection(SolutionProperties) = preSolution
		HideSolutionNode = FALSE
	EndGlobalSection
	GlobalSection(ExtensibilityGlobals) = postSolution
		SolutionGuid = {C00C93A0-7083-433A-AA2A-5368F5D2269C}
	EndGlobalSection
EndGlobal
